// !$*UTF8*$!
{
	archiveVersion = 1;
	classes = {
	};
	objectVersion = 56;
	objects = {

/* Begin PBXBuildFile section */
		184DE20B298A7F0700D675D1 /* AppDelegate.swift in Sources */ = {isa = PBXBuildFile; fileRef = 184DE20A298A7F0700D675D1 /* AppDelegate.swift */; };
		184DE20D298A7F0700D675D1 /* SceneDelegate.swift in Sources */ = {isa = PBXBuildFile; fileRef = 184DE20C298A7F0700D675D1 /* SceneDelegate.swift */; };
		184DE20F298A7F0700D675D1 /* MainTabBarViewController.swift in Sources */ = {isa = PBXBuildFile; fileRef = 184DE20E298A7F0700D675D1 /* MainTabBarViewController.swift */; };
		184DE214298A7F0800D675D1 /* Assets.xcassets in Resources */ = {isa = PBXBuildFile; fileRef = 184DE213298A7F0800D675D1 /* Assets.xcassets */; };
		184DE217298A7F0800D675D1 /* LaunchScreen.storyboard in Resources */ = {isa = PBXBuildFile; fileRef = 184DE215298A7F0800D675D1 /* LaunchScreen.storyboard */; };
		18955C3F298D192D00DD5FEC /* APICaller.swift in Sources */ = {isa = PBXBuildFile; fileRef = 18955C3E298D192D00DD5FEC /* APICaller.swift */; };
		18955C41298D24FD00DD5FEC /* Title.swift in Sources */ = {isa = PBXBuildFile; fileRef = 18955C40298D24FD00DD5FEC /* Title.swift */; };
		18955C43298D3D3900DD5FEC /* Extensions.swift in Sources */ = {isa = PBXBuildFile; fileRef = 18955C42298D3D3900DD5FEC /* Extensions.swift */; };
		18955C4D298D4EBC00DD5FEC /* TitleCollectionViewCell.swift in Sources */ = {isa = PBXBuildFile; fileRef = 18955C4C298D4EBC00DD5FEC /* TitleCollectionViewCell.swift */; };
		18955C50298D503D00DD5FEC /* SDWebImage in Frameworks */ = {isa = PBXBuildFile; productRef = 18955C4F298D503D00DD5FEC /* SDWebImage */; };
		18955C52298D503D00DD5FEC /* SDWebImageMapKit in Frameworks */ = {isa = PBXBuildFile; productRef = 18955C51298D503D00DD5FEC /* SDWebImageMapKit */; };
		18E75D3A298A971100557F53 /* HomeViewController.swift in Sources */ = {isa = PBXBuildFile; fileRef = 18E75D39298A971100557F53 /* HomeViewController.swift */; };
		18E75D3C298A974E00557F53 /* UpcomingViewController.swift in Sources */ = {isa = PBXBuildFile; fileRef = 18E75D3B298A974E00557F53 /* UpcomingViewController.swift */; };
		18E75D3E298A978D00557F53 /* SearchViewController.swift in Sources */ = {isa = PBXBuildFile; fileRef = 18E75D3D298A978D00557F53 /* SearchViewController.swift */; };
		18E75D40298A97A900557F53 /* DownloadsViewController.swift in Sources */ = {isa = PBXBuildFile; fileRef = 18E75D3F298A97A900557F53 /* DownloadsViewController.swift */; };
		18E75D47298A9EDB00557F53 /* CollectionViewTableViewCell.swift in Sources */ = {isa = PBXBuildFile; fileRef = 18E75D46298A9EDB00557F53 /* CollectionViewTableViewCell.swift */; };
		18E75D49298AA97200557F53 /* HeroHeaderUIView.swift in Sources */ = {isa = PBXBuildFile; fileRef = 18E75D48298AA97200557F53 /* HeroHeaderUIView.swift */; };
/* End PBXBuildFile section */

/* Begin PBXFileReference section */
		184DE207298A7F0700D675D1 /* Netflix-Clone.app */ = {isa = PBXFileReference; explicitFileType = wrapper.application; includeInIndex = 0; path = "Netflix-Clone.app"; sourceTree = BUILT_PRODUCTS_DIR; };
		184DE20A298A7F0700D675D1 /* AppDelegate.swift */ = {isa = PBXFileReference; lastKnownFileType = sourcecode.swift; path = AppDelegate.swift; sourceTree = "<group>"; };
		184DE20C298A7F0700D675D1 /* SceneDelegate.swift */ = {isa = PBXFileReference; lastKnownFileType = sourcecode.swift; path = SceneDelegate.swift; sourceTree = "<group>"; };
		184DE20E298A7F0700D675D1 /* MainTabBarViewController.swift */ = {isa = PBXFileReference; lastKnownFileType = sourcecode.swift; path = MainTabBarViewController.swift; sourceTree = "<group>"; };
		184DE213298A7F0800D675D1 /* Assets.xcassets */ = {isa = PBXFileReference; lastKnownFileType = folder.assetcatalog; path = Assets.xcassets; sourceTree = "<group>"; };
		184DE216298A7F0800D675D1 /* Base */ = {isa = PBXFileReference; lastKnownFileType = file.storyboard; name = Base; path = Base.lproj/LaunchScreen.storyboard; sourceTree = "<group>"; };
		184DE218298A7F0800D675D1 /* Info.plist */ = {isa = PBXFileReference; lastKnownFileType = text.plist.xml; path = Info.plist; sourceTree = "<group>"; };
		18955C3E298D192D00DD5FEC /* APICaller.swift */ = {isa = PBXFileReference; lastKnownFileType = sourcecode.swift; path = APICaller.swift; sourceTree = "<group>"; };
		18955C40298D24FD00DD5FEC /* Title.swift */ = {isa = PBXFileReference; lastKnownFileType = sourcecode.swift; path = Title.swift; sourceTree = "<group>"; };
		18955C42298D3D3900DD5FEC /* Extensions.swift */ = {isa = PBXFileReference; lastKnownFileType = sourcecode.swift; path = Extensions.swift; sourceTree = "<group>"; };
		18955C4C298D4EBC00DD5FEC /* TitleCollectionViewCell.swift */ = {isa = PBXFileReference; lastKnownFileType = sourcecode.swift; path = TitleCollectionViewCell.swift; sourceTree = "<group>"; };
		18E75D39298A971100557F53 /* HomeViewController.swift */ = {isa = PBXFileReference; lastKnownFileType = sourcecode.swift; path = HomeViewController.swift; sourceTree = "<group>"; };
		18E75D3B298A974E00557F53 /* UpcomingViewController.swift */ = {isa = PBXFileReference; lastKnownFileType = sourcecode.swift; path = UpcomingViewController.swift; sourceTree = "<group>"; };
		18E75D3D298A978D00557F53 /* SearchViewController.swift */ = {isa = PBXFileReference; lastKnownFileType = sourcecode.swift; path = SearchViewController.swift; sourceTree = "<group>"; };
		18E75D3F298A97A900557F53 /* DownloadsViewController.swift */ = {isa = PBXFileReference; lastKnownFileType = sourcecode.swift; path = DownloadsViewController.swift; sourceTree = "<group>"; };
		18E75D46298A9EDB00557F53 /* CollectionViewTableViewCell.swift */ = {isa = PBXFileReference; lastKnownFileType = sourcecode.swift; path = CollectionViewTableViewCell.swift; sourceTree = "<group>"; };
		18E75D48298AA97200557F53 /* HeroHeaderUIView.swift */ = {isa = PBXFileReference; lastKnownFileType = sourcecode.swift; path = HeroHeaderUIView.swift; sourceTree = "<group>"; };
/* End PBXFileReference section */

/* Begin PBXFrameworksBuildPhase section */
		184DE204298A7F0700D675D1 /* Frameworks */ = {
			isa = PBXFrameworksBuildPhase;
			buildActionMask = 2147483647;
			files = (
				18955C52298D503D00DD5FEC /* SDWebImageMapKit in Frameworks */,
				18955C50298D503D00DD5FEC /* SDWebImage in Frameworks */,
			);
			runOnlyForDeploymentPostprocessing = 0;
		};
/* End PBXFrameworksBuildPhase section */

/* Begin PBXGroup section */
		184DE1FE298A7F0700D675D1 = {
			isa = PBXGroup;
			children = (
				184DE209298A7F0700D675D1 /* Netflix-Clone */,
				184DE208298A7F0700D675D1 /* Products */,
			);
			sourceTree = "<group>";
		};
		184DE208298A7F0700D675D1 /* Products */ = {
			isa = PBXGroup;
			children = (
				184DE207298A7F0700D675D1 /* Netflix-Clone.app */,
			);
			name = Products;
			sourceTree = "<group>";
		};
		184DE209298A7F0700D675D1 /* Netflix-Clone */ = {
			isa = PBXGroup;
			children = (
				18E75D45298A9E8800557F53 /* Managers */,
				18E75D44298A9E8200557F53 /* Resourses */,
				18E75D43298A9E5C00557F53 /* Models */,
				18E75D41298A9E3500557F53 /* Views */,
				18E75D42298A9E4400557F53 /* ViewModels */,
				18E75D38298A96DF00557F53 /* Controllers */,
				184DE20A298A7F0700D675D1 /* AppDelegate.swift */,
				184DE20C298A7F0700D675D1 /* SceneDelegate.swift */,
				184DE20E298A7F0700D675D1 /* MainTabBarViewController.swift */,
				184DE213298A7F0800D675D1 /* Assets.xcassets */,
				184DE215298A7F0800D675D1 /* LaunchScreen.storyboard */,
				184DE218298A7F0800D675D1 /* Info.plist */,
			);
			path = "Netflix-Clone";
			sourceTree = "<group>";
		};
		18E75D38298A96DF00557F53 /* Controllers */ = {
			isa = PBXGroup;
			children = (
				18E75D39298A971100557F53 /* HomeViewController.swift */,
				18E75D3B298A974E00557F53 /* UpcomingViewController.swift */,
				18E75D3D298A978D00557F53 /* SearchViewController.swift */,
				18E75D3F298A97A900557F53 /* DownloadsViewController.swift */,
			);
			path = Controllers;
			sourceTree = "<group>";
		};
		18E75D41298A9E3500557F53 /* Views */ = {
			isa = PBXGroup;
			children = (
				18E75D46298A9EDB00557F53 /* CollectionViewTableViewCell.swift */,
				18E75D48298AA97200557F53 /* HeroHeaderUIView.swift */,
				18955C4C298D4EBC00DD5FEC /* TitleCollectionViewCell.swift */,
			);
			path = Views;
			sourceTree = "<group>";
		};
		18E75D42298A9E4400557F53 /* ViewModels */ = {
			isa = PBXGroup;
			children = (
			);
			path = ViewModels;
			sourceTree = "<group>";
		};
		18E75D43298A9E5C00557F53 /* Models */ = {
			isa = PBXGroup;
			children = (
				18955C40298D24FD00DD5FEC /* Title.swift */,
			);
			path = Models;
			sourceTree = "<group>";
		};
		18E75D44298A9E8200557F53 /* Resourses */ = {
			isa = PBXGroup;
			children = (
				18955C42298D3D3900DD5FEC /* Extensions.swift */,
			);
			path = Resourses;
			sourceTree = "<group>";
		};
		18E75D45298A9E8800557F53 /* Managers */ = {
			isa = PBXGroup;
			children = (
				18955C3E298D192D00DD5FEC /* APICaller.swift */,
			);
			path = Managers;
			sourceTree = "<group>";
		};
/* End PBXGroup section */

/* Begin PBXNativeTarget section */
		184DE206298A7F0700D675D1 /* Netflix-Clone */ = {
			isa = PBXNativeTarget;
			buildConfigurationList = 184DE21B298A7F0800D675D1 /* Build configuration list for PBXNativeTarget "Netflix-Clone" */;
			buildPhases = (
				184DE203298A7F0700D675D1 /* Sources */,
				184DE204298A7F0700D675D1 /* Frameworks */,
				184DE205298A7F0700D675D1 /* Resources */,
			);
			buildRules = (
			);
			dependencies = (
			);
			name = "Netflix-Clone";
			packageProductDependencies = (
				18955C4F298D503D00DD5FEC /* SDWebImage */,
				18955C51298D503D00DD5FEC /* SDWebImageMapKit */,
			);
			productName = "Netflix-Clone";
			productReference = 184DE207298A7F0700D675D1 /* Netflix-Clone.app */;
			productType = "com.apple.product-type.application";
		};
/* End PBXNativeTarget section */

/* Begin PBXProject section */
		184DE1FF298A7F0700D675D1 /* Project object */ = {
			isa = PBXProject;
			attributes = {
				BuildIndependentTargetsInParallel = 1;
				LastSwiftUpdateCheck = 1420;
				LastUpgradeCheck = 1420;
				TargetAttributes = {
					184DE206298A7F0700D675D1 = {
						CreatedOnToolsVersion = 14.2;
					};
				};
			};
			buildConfigurationList = 184DE202298A7F0700D675D1 /* Build configuration list for PBXProject "Netflix-Clone" */;
			compatibilityVersion = "Xcode 14.0";
			developmentRegion = en;
			hasScannedForEncodings = 0;
			knownRegions = (
				en,
				Base,
			);
			mainGroup = 184DE1FE298A7F0700D675D1;
			packageReferences = (
				18955C4E298D503D00DD5FEC /* XCRemoteSwiftPackageReference "SDWebImage" */,
			);
			productRefGroup = 184DE208298A7F0700D675D1 /* Products */;
			projectDirPath = "";
			projectRoot = "";
			targets = (
				184DE206298A7F0700D675D1 /* Netflix-Clone */,
			);
		};
/* End PBXProject section */

/* Begin PBXResourcesBuildPhase section */
		184DE205298A7F0700D675D1 /* Resources */ = {
			isa = PBXResourcesBuildPhase;
			buildActionMask = 2147483647;
			files = (
				184DE217298A7F0800D675D1 /* LaunchScreen.storyboard in Resources */,
				184DE214298A7F0800D675D1 /* Assets.xcassets in Resources */,
			);
			runOnlyForDeploymentPostprocessing = 0;
		};
/* End PBXResourcesBuildPhase section */

/* Begin PBXSourcesBuildPhase section */
		184DE203298A7F0700D675D1 /* Sources */ = {
			isa = PBXSourcesBuildPhase;
			buildActionMask = 2147483647;
			files = (
				18E75D3E298A978D00557F53 /* SearchViewController.swift in Sources */,
				18955C4D298D4EBC00DD5FEC /* TitleCollectionViewCell.swift in Sources */,
				184DE20F298A7F0700D675D1 /* MainTabBarViewController.swift in Sources */,
				18E75D47298A9EDB00557F53 /* CollectionViewTableViewCell.swift in Sources */,
				18955C3F298D192D00DD5FEC /* APICaller.swift in Sources */,
				18E75D40298A97A900557F53 /* DownloadsViewController.swift in Sources */,
				184DE20B298A7F0700D675D1 /* AppDelegate.swift in Sources */,
				184DE20D298A7F0700D675D1 /* SceneDelegate.swift in Sources */,
				18955C43298D3D3900DD5FEC /* Extensions.swift in Sources */,
				18E75D3C298A974E00557F53 /* UpcomingViewController.swift in Sources */,
				18E75D3A298A971100557F53 /* HomeViewController.swift in Sources */,
				18955C41298D24FD00DD5FEC /* Title.swift in Sources */,
				18E75D49298AA97200557F53 /* HeroHeaderUIView.swift in Sources */,
			);
			runOnlyForDeploymentPostprocessing = 0;
		};
/* End PBXSourcesBuildPhase section */

/* Begin PBXVariantGroup section */
		184DE215298A7F0800D675D1 /* LaunchScreen.storyboard */ = {
			isa = PBXVariantGroup;
			children = (
				184DE216298A7F0800D675D1 /* Base */,
			);
			name = LaunchScreen.storyboard;
			sourceTree = "<group>";
		};
/* End PBXVariantGroup section */

/* Begin XCBuildConfiguration section */
		184DE219298A7F0800D675D1 /* Debug */ = {
			isa = XCBuildConfiguration;
			buildSettings = {
				ALWAYS_SEARCH_USER_PATHS = NO;
				CLANG_ANALYZER_NONNULL = YES;
				CLANG_ANALYZER_NUMBER_OBJECT_CONVERSION = YES_AGGRESSIVE;
				CLANG_CXX_LANGUAGE_STANDARD = "gnu++20";
				CLANG_ENABLE_MODULES = YES;
				CLANG_ENABLE_OBJC_ARC = YES;
				CLANG_ENABLE_OBJC_WEAK = YES;
				CLANG_WARN_BLOCK_CAPTURE_AUTORELEASING = YES;
				CLANG_WARN_BOOL_CONVERSION = YES;
				CLANG_WARN_COMMA = YES;
				CLANG_WARN_CONSTANT_CONVERSION = YES;
				CLANG_WARN_DEPRECATED_OBJC_IMPLEMENTATIONS = YES;
				CLANG_WARN_DIRECT_OBJC_ISA_USAGE = YES_ERROR;
				CLANG_WARN_DOCUMENTATION_COMMENTS = YES;
				CLANG_WARN_EMPTY_BODY = YES;
				CLANG_WARN_ENUM_CONVERSION = YES;
				CLANG_WARN_INFINITE_RECURSION = YES;
				CLANG_WARN_INT_CONVERSION = YES;
				CLANG_WARN_NON_LITERAL_NULL_CONVERSION = YES;
				CLANG_WARN_OBJC_IMPLICIT_RETAIN_SELF = YES;
				CLANG_WARN_OBJC_LITERAL_CONVERSION = YES;
				CLANG_WARN_OBJC_ROOT_CLASS = YES_ERROR;
				CLANG_WARN_QUOTED_INCLUDE_IN_FRAMEWORK_HEADER = YES;
				CLANG_WARN_RANGE_LOOP_ANALYSIS = YES;
				CLANG_WARN_STRICT_PROTOTYPES = YES;
				CLANG_WARN_SUSPICIOUS_MOVE = YES;
				CLANG_WARN_UNGUARDED_AVAILABILITY = YES_AGGRESSIVE;
				CLANG_WARN_UNREACHABLE_CODE = YES;
				CLANG_WARN__DUPLICATE_METHOD_MATCH = YES;
				COPY_PHASE_STRIP = NO;
				DEBUG_INFORMATION_FORMAT = dwarf;
				ENABLE_STRICT_OBJC_MSGSEND = YES;
				ENABLE_TESTABILITY = YES;
				GCC_C_LANGUAGE_STANDARD = gnu11;
				GCC_DYNAMIC_NO_PIC = NO;
				GCC_NO_COMMON_BLOCKS = YES;
				GCC_OPTIMIZATION_LEVEL = 0;
				GCC_PREPROCESSOR_DEFINITIONS = (
					"DEBUG=1",
					"$(inherited)",
				);
				GCC_WARN_64_TO_32_BIT_CONVERSION = YES;
				GCC_WARN_ABOUT_RETURN_TYPE = YES_ERROR;
				GCC_WARN_UNDECLARED_SELECTOR = YES;
				GCC_WARN_UNINITIALIZED_AUTOS = YES_AGGRESSIVE;
				GCC_WARN_UNUSED_FUNCTION = YES;
				GCC_WARN_UNUSED_VARIABLE = YES;
				IPHONEOS_DEPLOYMENT_TARGET = 16.2;
				MTL_ENABLE_DEBUG_INFO = INCLUDE_SOURCE;
				MTL_FAST_MATH = YES;
				ONLY_ACTIVE_ARCH = YES;
				SDKROOT = iphoneos;
				SWIFT_ACTIVE_COMPILATION_CONDITIONS = DEBUG;
				SWIFT_OPTIMIZATION_LEVEL = "-Onone";
			};
			name = Debug;
		};
		184DE21A298A7F0800D675D1 /* Release */ = {
			isa = XCBuildConfiguration;
			buildSettings = {
				ALWAYS_SEARCH_USER_PATHS = NO;
				CLANG_ANALYZER_NONNULL = YES;
				CLANG_ANALYZER_NUMBER_OBJECT_CONVERSION = YES_AGGRESSIVE;
				CLANG_CXX_LANGUAGE_STANDARD = "gnu++20";
				CLANG_ENABLE_MODULES = YES;
				CLANG_ENABLE_OBJC_ARC = YES;
				CLANG_ENABLE_OBJC_WEAK = YES;
				CLANG_WARN_BLOCK_CAPTURE_AUTORELEASING = YES;
				CLANG_WARN_BOOL_CONVERSION = YES;
				CLANG_WARN_COMMA = YES;
				CLANG_WARN_CONSTANT_CONVERSION = YES;
				CLANG_WARN_DEPRECATED_OBJC_IMPLEMENTATIONS = YES;
				CLANG_WARN_DIRECT_OBJC_ISA_USAGE = YES_ERROR;
				CLANG_WARN_DOCUMENTATION_COMMENTS = YES;
				CLANG_WARN_EMPTY_BODY = YES;
				CLANG_WARN_ENUM_CONVERSION = YES;
				CLANG_WARN_INFINITE_RECURSION = YES;
				CLANG_WARN_INT_CONVERSION = YES;
				CLANG_WARN_NON_LITERAL_NULL_CONVERSION = YES;
				CLANG_WARN_OBJC_IMPLICIT_RETAIN_SELF = YES;
				CLANG_WARN_OBJC_LITERAL_CONVERSION = YES;
				CLANG_WARN_OBJC_ROOT_CLASS = YES_ERROR;
				CLANG_WARN_QUOTED_INCLUDE_IN_FRAMEWORK_HEADER = YES;
				CLANG_WARN_RANGE_LOOP_ANALYSIS = YES;
				CLANG_WARN_STRICT_PROTOTYPES = YES;
				CLANG_WARN_SUSPICIOUS_MOVE = YES;
				CLANG_WARN_UNGUARDED_AVAILABILITY = YES_AGGRESSIVE;
				CLANG_WARN_UNREACHABLE_CODE = YES;
				CLANG_WARN__DUPLICATE_METHOD_MATCH = YES;
				COPY_PHASE_STRIP = NO;
				DEBUG_INFORMATION_FORMAT = "dwarf-with-dsym";
				ENABLE_NS_ASSERTIONS = NO;
				ENABLE_STRICT_OBJC_MSGSEND = YES;
				GCC_C_LANGUAGE_STANDARD = gnu11;
				GCC_NO_COMMON_BLOCKS = YES;
				GCC_WARN_64_TO_32_BIT_CONVERSION = YES;
				GCC_WARN_ABOUT_RETURN_TYPE = YES_ERROR;
				GCC_WARN_UNDECLARED_SELECTOR = YES;
				GCC_WARN_UNINITIALIZED_AUTOS = YES_AGGRESSIVE;
				GCC_WARN_UNUSED_FUNCTION = YES;
				GCC_WARN_UNUSED_VARIABLE = YES;
				IPHONEOS_DEPLOYMENT_TARGET = 16.2;
				MTL_ENABLE_DEBUG_INFO = NO;
				MTL_FAST_MATH = YES;
				SDKROOT = iphoneos;
				SWIFT_COMPILATION_MODE = wholemodule;
				SWIFT_OPTIMIZATION_LEVEL = "-O";
				VALIDATE_PRODUCT = YES;
			};
			name = Release;
		};
		184DE21C298A7F0800D675D1 /* Debug */ = {
			isa = XCBuildConfiguration;
			buildSettings = {
				ASSETCATALOG_COMPILER_APPICON_NAME = AppIcon;
				ASSETCATALOG_COMPILER_GLOBAL_ACCENT_COLOR_NAME = AccentColor;
				CODE_SIGN_STYLE = Automatic;
				CURRENT_PROJECT_VERSION = 1;
				DEVELOPMENT_TEAM = 9ZFQ37XS3D;
				GENERATE_INFOPLIST_FILE = YES;
				INFOPLIST_FILE = "Netflix-Clone/Info.plist";
				INFOPLIST_KEY_UIApplicationSupportsIndirectInputEvents = YES;
				INFOPLIST_KEY_UILaunchStoryboardName = LaunchScreen;
				INFOPLIST_KEY_UISupportedInterfaceOrientations_iPad = "UIInterfaceOrientationPortrait UIInterfaceOrientationPortraitUpsideDown UIInterfaceOrientationLandscapeLeft UIInterfaceOrientationLandscapeRight";
				INFOPLIST_KEY_UISupportedInterfaceOrientations_iPhone = "UIInterfaceOrientationPortrait UIInterfaceOrientationLandscapeLeft UIInterfaceOrientationLandscapeRight";
				LD_RUNPATH_SEARCH_PATHS = (
					"$(inherited)",
					"@executable_path/Frameworks",
				);
				MARKETING_VERSION = 1.0;
				PRODUCT_BUNDLE_IDENTIFIER = "Oleh-Dorozhovets.Netflix-Clone";
				PRODUCT_NAME = "$(TARGET_NAME)";
				SWIFT_EMIT_LOC_STRINGS = YES;
				SWIFT_VERSION = 5.0;
				TARGETED_DEVICE_FAMILY = "1,2";
			};
			name = Debug;
		};
		184DE21D298A7F0800D675D1 /* Release */ = {
			isa = XCBuildConfiguration;
			buildSettings = {
				ASSETCATALOG_COMPILER_APPICON_NAME = AppIcon;
				ASSETCATALOG_COMPILER_GLOBAL_ACCENT_COLOR_NAME = AccentColor;
				CODE_SIGN_STYLE = Automatic;
				CURRENT_PROJECT_VERSION = 1;
				DEVELOPMENT_TEAM = 9ZFQ37XS3D;
				GENERATE_INFOPLIST_FILE = YES;
				INFOPLIST_FILE = "Netflix-Clone/Info.plist";
				INFOPLIST_KEY_UIApplicationSupportsIndirectInputEvents = YES;
				INFOPLIST_KEY_UILaunchStoryboardName = LaunchScreen;
				INFOPLIST_KEY_UISupportedInterfaceOrientations_iPad = "UIInterfaceOrientationPortrait UIInterfaceOrientationPortraitUpsideDown UIInterfaceOrientationLandscapeLeft UIInterfaceOrientationLandscapeRight";
				INFOPLIST_KEY_UISupportedInterfaceOrientations_iPhone = "UIInterfaceOrientationPortrait UIInterfaceOrientationLandscapeLeft UIInterfaceOrientationLandscapeRight";
				LD_RUNPATH_SEARCH_PATHS = (
					"$(inherited)",
					"@executable_path/Frameworks",
				);
				MARKETING_VERSION = 1.0;
				PRODUCT_BUNDLE_IDENTIFIER = "Oleh-Dorozhovets.Netflix-Clone";
				PRODUCT_NAME = "$(TARGET_NAME)";
				SWIFT_EMIT_LOC_STRINGS = YES;
				SWIFT_VERSION = 5.0;
				TARGETED_DEVICE_FAMILY = "1,2";
			};
			name = Release;
		};
/* End XCBuildConfiguration section */

/* Begin XCConfigurationList section */
		184DE202298A7F0700D675D1 /* Build configuration list for PBXProject "Netflix-Clone" */ = {
			isa = XCConfigurationList;
			buildConfigurations = (
				184DE219298A7F0800D675D1 /* Debug */,
				184DE21A298A7F0800D675D1 /* Release */,
			);
			defaultConfigurationIsVisible = 0;
			defaultConfigurationName = Release;
		};
		184DE21B298A7F0800D675D1 /* Build configuration list for PBXNativeTarget "Netflix-Clone" */ = {
			isa = XCConfigurationList;
			buildConfigurations = (
				184DE21C298A7F0800D675D1 /* Debug */,
				184DE21D298A7F0800D675D1 /* Release */,
			);
			defaultConfigurationIsVisible = 0;
			defaultConfigurationName = Release;
		};
/* End XCConfigurationList section */

/* Begin XCRemoteSwiftPackageReference section */
		18955C4E298D503D00DD5FEC /* XCRemoteSwiftPackageReference "SDWebImage" */ = {
			isa = XCRemoteSwiftPackageReference;
			repositoryURL = "https://github.com/SDWebImage/SDWebImage.git";
			requirement = {
				kind = upToNextMajorVersion;
				minimumVersion = 5.0.0;
			};
		};
/* End XCRemoteSwiftPackageReference section */

/* Begin XCSwiftPackageProductDependency section */
		18955C4F298D503D00DD5FEC /* SDWebImage */ = {
			isa = XCSwiftPackageProductDependency;
			package = 18955C4E298D503D00DD5FEC /* XCRemoteSwiftPackageReference "SDWebImage" */;
			productName = SDWebImage;
		};
		18955C51298D503D00DD5FEC /* SDWebImageMapKit */ = {
			isa = XCSwiftPackageProductDependency;
			package = 18955C4E298D503D00DD5FEC /* XCRemoteSwiftPackageReference "SDWebImage" */;
			productName = SDWebImageMapKit;
		};
/* End XCSwiftPackageProductDependency section */
	};
	rootObject = 184DE1FF298A7F0700D675D1 /* Project object */;
}
